
Microsoft Visual Studio Solution File, Format Version 12.00
# Visual Studio Version 17
VisualStudioVersion = 17.14.36327.8 d17.14
MinimumVisualStudioVersion = 10.0.40219.1
Project("{FAE04EC0-301F-11D3-BF4B-00C04F79EFBC}") = "TheSkibiditeca.Web", "TheSkibiditeca.Web\TheSkibiditeca.Web.csproj", "{F5825CB6-BBA2-45A3-9D35-428A3E9E6204}"
EndProject
Global
	GlobalSection(SolutionConfigurationPlatforms) = preSolution
		Debug|Any CPU = Debug|Any CPU
		Release|Any CPU = Release|Any CPU
	EndGlobalSection
	GlobalSection(ProjectConfigurationPlatforms) = postSolution
		{F5825CB6-BBA2-45A3-9D35-428A3E9E6204}.Debug|Any CPU.ActiveCfg = Debug|Any CPU
		{F5825CB6-BBA2-45A3-9D35-428A3E9E6204}.Debug|Any CPU.Build.0 = Debug|Any CPU
		{F5825CB6-BBA2-45A3-9D35-428A3E9E6204}.Release|Any CPU.ActiveCfg = Release|Any CPU
		{F5825CB6-BBA2-45A3-9D35-428A3E9E6204}.Release|Any CPU.Build.0 = Release|Any CPU
	EndGlobalSection
	GlobalSection(SolutionProperties) = preSolution
		HideSolutionNode = FALSE
	EndGlobalSection
	GlobalSection(ExtensibilityGlobals) = postSolution
		SolutionGuid = {368DE56E-6B97-4FF7-B6DF-93F59CF7D1B8}
	EndGlobalSection
EndGlobal
